
Microsoft Visual Studio Solution File, Format Version 12.00
# Visual Studio 15
VisualStudioVersion = 15.0.27130.2024
MinimumVisualStudioVersion = 10.0.40219.1
Project("{FAE04EC0-301F-11D3-BF4B-00C04F79EFBC}") = "EFInheritanceStrategies", "EFInheritanceStrategies\EFInheritanceStrategies.csproj", "{FA509C8F-CC7A-4AC1-8DF9-D2CC1EE1C25D}"
EndProject
Global
	GlobalSection(SolutionConfigurationPlatforms) = preSolution
		Debug|Any CPU = Debug|Any CPU
		Release|Any CPU = Release|Any CPU
	EndGlobalSection
	GlobalSection(ProjectConfigurationPlatforms) = postSolution
		{FA509C8F-CC7A-4AC1-8DF9-D2CC1EE1C25D}.Debug|Any CPU.ActiveCfg = Debug|Any CPU
		{FA509C8F-CC7A-4AC1-8DF9-D2CC1EE1C25D}.Debug|Any CPU.Build.0 = Debug|Any CPU
		{FA509C8F-CC7A-4AC1-8DF9-D2CC1EE1C25D}.Release|Any CPU.ActiveCfg = Release|Any CPU
		{FA509C8F-CC7A-4AC1-8DF9-D2CC1EE1C25D}.Release|Any CPU.Build.0 = Release|Any CPU
	EndGlobalSection
	GlobalSection(SolutionProperties) = preSolution
		HideSolutionNode = FALSE
	EndGlobalSection
	GlobalSection(ExtensibilityGlobals) = postSolution
		SolutionGuid = {EB5F1809-0E24-4DE3-8A38-B46DE073B043}
	EndGlobalSection
EndGlobal
